
Microsoft Visual Studio Solution File, Format Version 12.00
# Visual Studio 15
VisualStudioVersion = 15.0.28010.2016
MinimumVisualStudioVersion = 10.0.40219.1
Project("{FAE04EC0-301F-11D3-BF4B-00C04F79EFBC}") = "SQLitest.Android", "SQLitest\SQLitest.Android\SQLitest.Android.csproj", "{4A610715-7904-4CD6-900C-A3BF7D5D311E}"
EndProject
Project("{FAE04EC0-301F-11D3-BF4B-00C04F79EFBC}") = "SQLitest.iOS", "SQLitest\SQLitest.iOS\SQLitest.iOS.csproj", "{86AD62DF-6DBF-4011-ACBB-5621695BBD94}"
EndProject
Project("{FAE04EC0-301F-11D3-BF4B-00C04F79EFBC}") = "SQLitest", "SQLitest\SQLitest\SQLitest.csproj", "{D9AF440D-19AE-4792-ACED-5348F8AD09FD}"
EndProject
Global
	GlobalSection(SolutionConfigurationPlatforms) = preSolution
		Ad-Hoc|Any CPU = Ad-Hoc|Any CPU
		Ad-Hoc|iPhone = Ad-Hoc|iPhone
		Ad-Hoc|iPhoneSimulator = Ad-Hoc|iPhoneSimulator
		AppStore|Any CPU = AppStore|Any CPU
		AppStore|iPhone = AppStore|iPhone
		AppStore|iPhoneSimulator = AppStore|iPhoneSimulator
		Debug|Any CPU = Debug|Any CPU
		Debug|iPhone = Debug|iPhone
		Debug|iPhoneSimulator = Debug|iPhoneSimulator
		Release|Any CPU = Release|Any CPU
		Release|iPhone = Release|iPhone
		Release|iPhoneSimulator = Release|iPhoneSimulator
	EndGlobalSection
	GlobalSection(ProjectConfigurationPlatforms) = postSolution
		{4A610715-7904-4CD6-900C-A3BF7D5D311E}.Ad-Hoc|Any CPU.ActiveCfg = Release|Any CPU
		{4A610715-7904-4CD6-900C-A3BF7D5D311E}.Ad-Hoc|Any CPU.Build.0 = Release|Any CPU
		{4A610715-7904-4CD6-900C-A3BF7D5D311E}.Ad-Hoc|Any CPU.Deploy.0 = Release|Any CPU
		{4A610715-7904-4CD6-900C-A3BF7D5D311E}.Ad-Hoc|iPhone.ActiveCfg = Release|Any CPU
		{4A610715-7904-4CD6-900C-A3BF7D5D311E}.Ad-Hoc|iPhone.Build.0 = Release|Any CPU
		{4A610715-7904-4CD6-900C-A3BF7D5D311E}.Ad-Hoc|iPhone.Deploy.0 = Release|Any CPU
		{4A610715-7904-4CD6-900C-A3BF7D5D311E}.Ad-Hoc|iPhoneSimulator.ActiveCfg = Release|Any CPU
		{4A610715-7904-4CD6-900C-A3BF7D5D311E}.Ad-Hoc|iPhoneSimulator.Build.0 = Release|Any CPU
		{4A610715-7904-4CD6-900C-A3BF7D5D311E}.Ad-Hoc|iPhoneSimulator.Deploy.0 = Release|Any CPU
		{4A610715-7904-4CD6-900C-A3BF7D5D311E}.AppStore|Any CPU.ActiveCfg = Release|Any CPU
		{4A610715-7904-4CD6-900C-A3BF7D5D311E}.AppStore|Any CPU.Build.0 = Release|Any CPU
		{4A610715-7904-4CD6-900C-A3BF7D5D311E}.AppStore|Any CPU.Deploy.0 = Release|Any CPU
		{4A610715-7904-4CD6-900C-A3BF7D5D311E}.AppStore|iPhone.ActiveCfg = Release|Any CPU
		{4A610715-7904-4CD6-900C-A3BF7D5D311E}.AppStore|iPhone.Build.0 = Release|Any CPU
		{4A610715-7904-4CD6-900C-A3BF7D5D311E}.AppStore|iPhone.Deploy.0 = Release|Any CPU
		{4A610715-7904-4CD6-900C-A3BF7D5D311E}.AppStore|iPhoneSimulator.ActiveCfg = Release|Any CPU
		{4A610715-7904-4CD6-900C-A3BF7D5D311E}.AppStore|iPhoneSimulator.Build.0 = Release|Any CPU
		{4A610715-7904-4CD6-900C-A3BF7D5D311E}.AppStore|iPhoneSimulator.Deploy.0 = Release|Any CPU
		{4A610715-7904-4CD6-900C-A3BF7D5D311E}.Debug|Any CPU.ActiveCfg = Debug|Any CPU
		{4A610715-7904-4CD6-900C-A3BF7D5D311E}.Debug|Any CPU.Build.0 = Debug|Any CPU
		{4A610715-7904-4CD6-900C-A3BF7D5D311E}.Debug|Any CPU.Deploy.0 = Debug|Any CPU
		{4A610715-7904-4CD6-900C-A3BF7D5D311E}.Debug|iPhone.ActiveCfg = Debug|Any CPU
		{4A610715-7904-4CD6-900C-A3BF7D5D311E}.Debug|iPhone.Build.0 = Debug|Any CPU
		{4A610715-7904-4CD6-900C-A3BF7D5D311E}.Debug|iPhone.Deploy.0 = Debug|Any CPU
		{4A610715-7904-4CD6-900C-A3BF7D5D311E}.Debug|iPhoneSimulator.ActiveCfg = Debug|Any CPU
		{4A610715-7904-4CD6-900C-A3BF7D5D311E}.Debug|iPhoneSimulator.Build.0 = Debug|Any CPU
		{4A610715-7904-4CD6-900C-A3BF7D5D311E}.Debug|iPhoneSimulator.Deploy.0 = Debug|Any CPU
		{4A610715-7904-4CD6-900C-A3BF7D5D311E}.Release|Any CPU.ActiveCfg = Release|Any CPU
		{4A610715-7904-4CD6-900C-A3BF7D5D311E}.Release|Any CPU.Build.0 = Release|Any CPU
		{4A610715-7904-4CD6-900C-A3BF7D5D311E}.Release|Any CPU.Deploy.0 = Release|Any CPU
		{4A610715-7904-4CD6-900C-A3BF7D5D311E}.Release|iPhone.ActiveCfg = Release|Any CPU
		{4A610715-7904-4CD6-900C-A3BF7D5D311E}.Release|iPhone.Build.0 = Release|Any CPU
		{4A610715-7904-4CD6-900C-A3BF7D5D311E}.Release|iPhone.Deploy.0 = Release|Any CPU
		{4A610715-7904-4CD6-900C-A3BF7D5D311E}.Release|iPhoneSimulator.ActiveCfg = Release|Any CPU
		{4A610715-7904-4CD6-900C-A3BF7D5D311E}.Release|iPhoneSimulator.Build.0 = Release|Any CPU
		{4A610715-7904-4CD6-900C-A3BF7D5D311E}.Release|iPhoneSimulator.Deploy.0 = Release|Any CPU
		{86AD62DF-6DBF-4011-ACBB-5621695BBD94}.Ad-Hoc|Any CPU.ActiveCfg = Ad-Hoc|iPhone
		{86AD62DF-6DBF-4011-ACBB-5621695BBD94}.Ad-Hoc|Any CPU.Build.0 = Ad-Hoc|iPhone
		{86AD62DF-6DBF-4011-ACBB-5621695BBD94}.Ad-Hoc|Any CPU.Deploy.0 = Ad-Hoc|iPhone
		{86AD62DF-6DBF-4011-ACBB-5621695BBD94}.Ad-Hoc|iPhone.ActiveCfg = Ad-Hoc|iPhone
		{86AD62DF-6DBF-4011-ACBB-5621695BBD94}.Ad-Hoc|iPhone.Build.0 = Ad-Hoc|iPhone
		{86AD62DF-6DBF-4011-ACBB-5621695BBD94}.Ad-Hoc|iPhone.Deploy.0 = Ad-Hoc|iPhone
		{86AD62DF-6DBF-4011-ACBB-5621695BBD94}.Ad-Hoc|iPhoneSimulator.ActiveCfg = Ad-Hoc|iPhoneSimulator
		{86AD62DF-6DBF-4011-ACBB-5621695BBD94}.Ad-Hoc|iPhoneSimulator.Build.0 = Ad-Hoc|iPhoneSimulator
		{86AD62DF-6DBF-4011-ACBB-5621695BBD94}.Ad-Hoc|iPhoneSimulator.Deploy.0 = Ad-Hoc|iPhoneSimulator
		{86AD62DF-6DBF-4011-ACBB-5621695BBD94}.AppStore|Any CPU.ActiveCfg = AppStore|iPhone
		{86AD62DF-6DBF-4011-ACBB-5621695BBD94}.AppStore|Any CPU.Build.0 = AppStore|iPhone
		{86AD62DF-6DBF-4011-ACBB-5621695BBD94}.AppStore|Any CPU.Deploy.0 = AppStore|iPhone
		{86AD62DF-6DBF-4011-ACBB-5621695BBD94}.AppStore|iPhone.ActiveCfg = AppStore|iPhone
		{86AD62DF-6DBF-4011-ACBB-5621695BBD94}.AppStore|iPhone.Build.0 = AppStore|iPhone
		{86AD62DF-6DBF-4011-ACBB-5621695BBD94}.AppStore|iPhone.Deploy.0 = AppStore|iPhone
		{86AD62DF-6DBF-4011-ACBB-5621695BBD94}.AppStore|iPhoneSimulator.ActiveCfg = AppStore|iPhoneSimulator
		{86AD62DF-6DBF-4011-ACBB-5621695BBD94}.AppStore|iPhoneSimulator.Build.0 = AppStore|iPhoneSimulator
		{86AD62DF-6DBF-4011-ACBB-5621695BBD94}.AppStore|iPhoneSimulator.Deploy.0 = AppStore|iPhoneSimulator
		{86AD62DF-6DBF-4011-ACBB-5621695BBD94}.Debug|Any CPU.ActiveCfg = Debug|iPhoneSimulator
		{86AD62DF-6DBF-4011-ACBB-5621695BBD94}.Debug|Any CPU.Build.0 = Debug|iPhoneSimulator
		{86AD62DF-6DBF-4011-ACBB-5621695BBD94}.Debug|Any CPU.Deploy.0 = Debug|iPhoneSimulator
		{86AD62DF-6DBF-4011-ACBB-5621695BBD94}.Debug|iPhone.ActiveCfg = Debug|iPhone
		{86AD62DF-6DBF-4011-ACBB-5621695BBD94}.Debug|iPhone.Build.0 = Debug|iPhone
		{86AD62DF-6DBF-4011-ACBB-5621695BBD94}.Debug|iPhone.Deploy.0 = Debug|iPhone
		{86AD62DF-6DBF-4011-ACBB-5621695BBD94}.Debug|iPhoneSimulator.ActiveCfg = Debug|iPhoneSimulator
		{86AD62DF-6DBF-4011-ACBB-5621695BBD94}.Debug|iPhoneSimulator.Build.0 = Debug|iPhoneSimulator
		{86AD62DF-6DBF-4011-ACBB-5621695BBD94}.Debug|iPhoneSimulator.Deploy.0 = Debug|iPhoneSimulator
		{86AD62DF-6DBF-4011-ACBB-5621695BBD94}.Release|Any CPU.ActiveCfg = Release|iPhone
		{86AD62DF-6DBF-4011-ACBB-5621695BBD94}.Release|Any CPU.Build.0 = Release|iPhone
		{86AD62DF-6DBF-4011-ACBB-5621695BBD94}.Release|Any CPU.Deploy.0 = Release|iPhone
		{86AD62DF-6DBF-4011-ACBB-5621695BBD94}.Release|iPhone.ActiveCfg = Release|iPhone
		{86AD62DF-6DBF-4011-ACBB-5621695BBD94}.Release|iPhone.Build.0 = Release|iPhone
		{86AD62DF-6DBF-4011-ACBB-5621695BBD94}.Release|iPhone.Deploy.0 = Release|iPhone
		{86AD62DF-6DBF-4011-ACBB-5621695BBD94}.Release|iPhoneSimulator.ActiveCfg = Release|iPhoneSimulator
		{86AD62DF-6DBF-4011-ACBB-5621695BBD94}.Release|iPhoneSimulator.Build.0 = Release|iPhoneSimulator
		{86AD62DF-6DBF-4011-ACBB-5621695BBD94}.Release|iPhoneSimulator.Deploy.0 = Release|iPhoneSimulator
		{D9AF440D-19AE-4792-ACED-5348F8AD09FD}.Ad-Hoc|Any CPU.ActiveCfg = Debug|Any CPU
		{D9AF440D-19AE-4792-ACED-5348F8AD09FD}.Ad-Hoc|Any CPU.Build.0 = Debug|Any CPU
		{D9AF440D-19AE-4792-ACED-5348F8AD09FD}.Ad-Hoc|Any CPU.Deploy.0 = Debug|Any CPU
		{D9AF440D-19AE-4792-ACED-5348F8AD09FD}.Ad-Hoc|iPhone.ActiveCfg = Debug|Any CPU
		{D9AF440D-19AE-4792-ACED-5348F8AD09FD}.Ad-Hoc|iPhone.Build.0 = Debug|Any CPU
		{D9AF440D-19AE-4792-ACED-5348F8AD09FD}.Ad-Hoc|iPhone.Deploy.0 = Debug|Any CPU
		{D9AF440D-19AE-4792-ACED-5348F8AD09FD}.Ad-Hoc|iPhoneSimulator.ActiveCfg = Debug|Any CPU
		{D9AF440D-19AE-4792-ACED-5348F8AD09FD}.Ad-Hoc|iPhoneSimulator.Build.0 = Debug|Any CPU
		{D9AF440D-19AE-4792-ACED-5348F8AD09FD}.Ad-Hoc|iPhoneSimulator.Deploy.0 = Debug|Any CPU
		{D9AF440D-19AE-4792-ACED-5348F8AD09FD}.AppStore|Any CPU.ActiveCfg = Debug|Any CPU
		{D9AF440D-19AE-4792-ACED-5348F8AD09FD}.AppStore|Any CPU.Build.0 = Debug|Any CPU
		{D9AF440D-19AE-4792-ACED-5348F8AD09FD}.AppStore|Any CPU.Deploy.0 = Debug|Any CPU
		{D9AF440D-19AE-4792-ACED-5348F8AD09FD}.AppStore|iPhone.ActiveCfg = Debug|Any CPU
		{D9AF440D-19AE-4792-ACED-5348F8AD09FD}.AppStore|iPhone.Build.0 = Debug|Any CPU
		{D9AF440D-19AE-4792-ACED-5348F8AD09FD}.AppStore|iPhone.Deploy.0 = Debug|Any CPU
		{D9AF440D-19AE-4792-ACED-5348F8AD09FD}.AppStore|iPhoneSimulator.ActiveCfg = Debug|Any CPU
		{D9AF440D-19AE-4792-ACED-5348F8AD09FD}.AppStore|iPhoneSimulator.Build.0 = Debug|Any CPU
		{D9AF440D-19AE-4792-ACED-5348F8AD09FD}.AppStore|iPhoneSimulator.Deploy.0 = Debug|Any CPU
		{D9AF440D-19AE-4792-ACED-5348F8AD09FD}.Debug|Any CPU.ActiveCfg = Debug|Any CPU
		{D9AF440D-19AE-4792-ACED-5348F8AD09FD}.Debug|Any CPU.Build.0 = Debug|Any CPU
		{D9AF440D-19AE-4792-ACED-5348F8AD09FD}.Debug|Any CPU.Deploy.0 = Debug|Any CPU
		{D9AF440D-19AE-4792-ACED-5348F8AD09FD}.Debug|iPhone.ActiveCfg = Debug|Any CPU
		{D9AF440D-19AE-4792-ACED-5348F8AD09FD}.Debug|iPhone.Build.0 = Debug|Any CPU
		{D9AF440D-19AE-4792-ACED-5348F8AD09FD}.Debug|iPhone.Deploy.0 = Debug|Any CPU
		{D9AF440D-19AE-4792-ACED-5348F8AD09FD}.Debug|iPhoneSimulator.ActiveCfg = Debug|Any CPU
		{D9AF440D-19AE-4792-ACED-5348F8AD09FD}.Debug|iPhoneSimulator.Build.0 = Debug|Any CPU
		{D9AF440D-19AE-4792-ACED-5348F8AD09FD}.Debug|iPhoneSimulator.Deploy.0 = Debug|Any CPU
		{D9AF440D-19AE-4792-ACED-5348F8AD09FD}.Release|Any CPU.ActiveCfg = Release|Any CPU
		{D9AF440D-19AE-4792-ACED-5348F8AD09FD}.Release|Any CPU.Build.0 = Release|Any CPU
		{D9AF440D-19AE-4792-ACED-5348F8AD09FD}.Release|Any CPU.Deploy.0 = Release|Any CPU
		{D9AF440D-19AE-4792-ACED-5348F8AD09FD}.Release|iPhone.ActiveCfg = Release|Any CPU
		{D9AF440D-19AE-4792-ACED-5348F8AD09FD}.Release|iPhone.Build.0 = Release|Any CPU
		{D9AF440D-19AE-4792-ACED-5348F8AD09FD}.Release|iPhone.Deploy.0 = Release|Any CPU
		{D9AF440D-19AE-4792-ACED-5348F8AD09FD}.Release|iPhoneSimulator.ActiveCfg = Release|Any CPU
		{D9AF440D-19AE-4792-ACED-5348F8AD09FD}.Release|iPhoneSimulator.Build.0 = Release|Any CPU
		{D9AF440D-19AE-4792-ACED-5348F8AD09FD}.Release|iPhoneSimulator.Deploy.0 = Release|Any CPU
	EndGlobalSection
	GlobalSection(SolutionProperties) = preSolution
		HideSolutionNode = FALSE
	EndGlobalSection
	GlobalSection(ExtensibilityGlobals) = postSolution
		SolutionGuid = {E56A2E6E-D534-480C-BAC1-D2AA317C27BB}
	EndGlobalSection
EndGlobal
